
Microsoft Visual Studio Solution File, Format Version 12.00
# Visual Studio Version 17
VisualStudioVersion = 17.14.36401.2
MinimumVisualStudioVersion = 10.0.40219.1
Project("{FAE04EC0-301F-11D3-BF4B-00C04F79EFBC}") = "Agende.Ja.Application", "agende.ja.application\Agende.Ja.Application.csproj", "{13549B5F-7267-4F15-857E-DA6F84D51A63}"
EndProject
Project("{FAE04EC0-301F-11D3-BF4B-00C04F79EFBC}") = "Agende.Ja.Infraestructure", "agende.ja.infraestructure\Agende.Ja.Infraestructure.csproj", "{05A60CC6-4188-4B91-B1E5-03ADAE37167B}"
EndProject
Project("{FAE04EC0-301F-11D3-BF4B-00C04F79EFBC}") = "Agende.Ja.Api", "Agende.Ja.Api\Agende.Ja.Api.csproj", "{A4C1FD66-DCC8-3D06-0617-7A959FB255AE}"
EndProject
Global
	GlobalSection(SolutionConfigurationPlatforms) = preSolution
		Debug|Any CPU = Debug|Any CPU
		Release|Any CPU = Release|Any CPU
	EndGlobalSection
	GlobalSection(ProjectConfigurationPlatforms) = postSolution
		{13549B5F-7267-4F15-857E-DA6F84D51A63}.Debug|Any CPU.ActiveCfg = Debug|Any CPU
		{13549B5F-7267-4F15-857E-DA6F84D51A63}.Debug|Any CPU.Build.0 = Debug|Any CPU
		{13549B5F-7267-4F15-857E-DA6F84D51A63}.Release|Any CPU.ActiveCfg = Release|Any CPU
		{13549B5F-7267-4F15-857E-DA6F84D51A63}.Release|Any CPU.Build.0 = Release|Any CPU
		{05A60CC6-4188-4B91-B1E5-03ADAE37167B}.Debug|Any CPU.ActiveCfg = Debug|Any CPU
		{05A60CC6-4188-4B91-B1E5-03ADAE37167B}.Debug|Any CPU.Build.0 = Debug|Any CPU
		{05A60CC6-4188-4B91-B1E5-03ADAE37167B}.Release|Any CPU.ActiveCfg = Release|Any CPU
		{05A60CC6-4188-4B91-B1E5-03ADAE37167B}.Release|Any CPU.Build.0 = Release|Any CPU
		{A4C1FD66-DCC8-3D06-0617-7A959FB255AE}.Debug|Any CPU.ActiveCfg = Debug|Any CPU
		{A4C1FD66-DCC8-3D06-0617-7A959FB255AE}.Debug|Any CPU.Build.0 = Debug|Any CPU
		{A4C1FD66-DCC8-3D06-0617-7A959FB255AE}.Release|Any CPU.ActiveCfg = Release|Any CPU
		{A4C1FD66-DCC8-3D06-0617-7A959FB255AE}.Release|Any CPU.Build.0 = Release|Any CPU
	EndGlobalSection
	GlobalSection(SolutionProperties) = preSolution
		HideSolutionNode = FALSE
	EndGlobalSection
	GlobalSection(ExtensibilityGlobals) = postSolution
		SolutionGuid = {7CD3E47D-5D2A-486A-9055-C3318F3A14A4}
	EndGlobalSection
EndGlobal
